// !$*UTF8*$!
{
	archiveVersion = 1;
	classes = {
	};
	objectVersion = 51;
	objects = {

/* Begin PBXBuildFile section */
		12348CD426FA8A61006345C4 /* AnimationProperties.swift in Sources */ = {isa = PBXBuildFile; fileRef = 12348CD326FA8A61006345C4 /* AnimationProperties.swift */; };
		1256F89B26FA800C0033CC8B /* AppDelegate.swift in Sources */ = {isa = PBXBuildFile; fileRef = 1256F89A26FA800C0033CC8B /* AppDelegate.swift */; };
		1256F89D26FA800C0033CC8B /* SceneDelegate.swift in Sources */ = {isa = PBXBuildFile; fileRef = 1256F89C26FA800C0033CC8B /* SceneDelegate.swift */; };
		1256F89F26FA800C0033CC8B /* ViewController.swift in Sources */ = {isa = PBXBuildFile; fileRef = 1256F89E26FA800C0033CC8B /* ViewController.swift */; };
		1256F8A226FA800C0033CC8B /* Main.storyboard in Resources */ = {isa = PBXBuildFile; fileRef = 1256F8A026FA800C0033CC8B /* Main.storyboard */; };
		1256F8A426FA800D0033CC8B /* Assets.xcassets in Resources */ = {isa = PBXBuildFile; fileRef = 1256F8A326FA800D0033CC8B /* Assets.xcassets */; };
		1256F8A726FA800D0033CC8B /* LaunchScreen.storyboard in Resources */ = {isa = PBXBuildFile; fileRef = 1256F8A526FA800D0033CC8B /* LaunchScreen.storyboard */; };
		1E2DA96F1A3B35595BDF7DA0 /* Pods_ShowMeAnimation.framework in Frameworks */ = {isa = PBXBuildFile; fileRef = 761A003D48368D8A4323C1A1 /* Pods_ShowMeAnimation.framework */; };
/* End PBXBuildFile section */

/* Begin PBXFileReference section */
		12348CD326FA8A61006345C4 /* AnimationProperties.swift */ = {isa = PBXFileReference; lastKnownFileType = sourcecode.swift; path = AnimationProperties.swift; sourceTree = "<group>"; };
		1256F89726FA800C0033CC8B /* ShowMeAnimation.app */ = {isa = PBXFileReference; explicitFileType = wrapper.application; includeInIndex = 0; path = ShowMeAnimation.app; sourceTree = BUILT_PRODUCTS_DIR; };
		1256F89A26FA800C0033CC8B /* AppDelegate.swift */ = {isa = PBXFileReference; lastKnownFileType = sourcecode.swift; path = AppDelegate.swift; sourceTree = "<group>"; };
		1256F89C26FA800C0033CC8B /* SceneDelegate.swift */ = {isa = PBXFileReference; lastKnownFileType = sourcecode.swift; path = SceneDelegate.swift; sourceTree = "<group>"; };
		1256F89E26FA800C0033CC8B /* ViewController.swift */ = {isa = PBXFileReference; lastKnownFileType = sourcecode.swift; path = ViewController.swift; sourceTree = "<group>"; };
		1256F8A126FA800C0033CC8B /* Base */ = {isa = PBXFileReference; lastKnownFileType = file.storyboard; name = Base; path = Base.lproj/Main.storyboard; sourceTree = "<group>"; };
		1256F8A326FA800D0033CC8B /* Assets.xcassets */ = {isa = PBXFileReference; lastKnownFileType = folder.assetcatalog; path = Assets.xcassets; sourceTree = "<group>"; };
		1256F8A626FA800D0033CC8B /* Base */ = {isa = PBXFileReference; lastKnownFileType = file.storyboard; name = Base; path = Base.lproj/LaunchScreen.storyboard; sourceTree = "<group>"; };
		1256F8A826FA800D0033CC8B /* Info.plist */ = {isa = PBXFileReference; lastKnownFileType = text.plist.xml; path = Info.plist; sourceTree = "<group>"; };
		1732DD64765D594C570F2CE7 /* Pods-ShowMeAnimation.debug.xcconfig */ = {isa = PBXFileReference; includeInIndex = 1; lastKnownFileType = text.xcconfig; name = "Pods-ShowMeAnimation.debug.xcconfig"; path = "Target Support Files/Pods-ShowMeAnimation/Pods-ShowMeAnimation.debug.xcconfig"; sourceTree = "<group>"; };
		761A003D48368D8A4323C1A1 /* Pods_ShowMeAnimation.framework */ = {isa = PBXFileReference; explicitFileType = wrapper.framework; includeInIndex = 0; path = Pods_ShowMeAnimation.framework; sourceTree = BUILT_PRODUCTS_DIR; };
		F3F6DEA14E9D2F38BDE5BA09 /* Pods-ShowMeAnimation.release.xcconfig */ = {isa = PBXFileReference; includeInIndex = 1; lastKnownFileType = text.xcconfig; name = "Pods-ShowMeAnimation.release.xcconfig"; path = "Target Support Files/Pods-ShowMeAnimation/Pods-ShowMeAnimation.release.xcconfig"; sourceTree = "<group>"; };
/* End PBXFileReference section */

/* Begin PBXFrameworksBuildPhase section */
		1256F89426FA800C0033CC8B /* Frameworks */ = {
			isa = PBXFrameworksBuildPhase;
			buildActionMask = 2147483647;
			files = (
				1E2DA96F1A3B35595BDF7DA0 /* Pods_ShowMeAnimation.framework in Frameworks */,
			);
			runOnlyForDeploymentPostprocessing = 0;
		};
/* End PBXFrameworksBuildPhase section */

/* Begin PBXGroup section */
		1222676826FBAEFB00E67598 /* ViewControllers */ = {
			isa = PBXGroup;
			children = (
				1256F89E26FA800C0033CC8B /* ViewController.swift */,
			);
			path = ViewControllers;
			sourceTree = "<group>";
		};
		1222676926FBAF6B00E67598 /* Models */ = {
			isa = PBXGroup;
			children = (
				12348CD326FA8A61006345C4 /* AnimationProperties.swift */,
			);
			path = Models;
			sourceTree = "<group>";
		};
		1222676A26FBAF8100E67598 /* Storyboards */ = {
			isa = PBXGroup;
			children = (
				1256F8A026FA800C0033CC8B /* Main.storyboard */,
				1256F8A526FA800D0033CC8B /* LaunchScreen.storyboard */,
			);
			path = Storyboards;
			sourceTree = "<group>";
		};
		1222676B26FBAFA100E67598 /* SupportingFiles */ = {
			isa = PBXGroup;
			children = (
				1256F89C26FA800C0033CC8B /* SceneDelegate.swift */,
				1256F89A26FA800C0033CC8B /* AppDelegate.swift */,
				1256F8A826FA800D0033CC8B /* Info.plist */,
			);
			path = SupportingFiles;
			sourceTree = "<group>";
		};
		1222676C26FBAFBA00E67598 /* Resources */ = {
			isa = PBXGroup;
			children = (
				1256F8A326FA800D0033CC8B /* Assets.xcassets */,
			);
			path = Resources;
			sourceTree = "<group>";
		};
		1256F88E26FA800C0033CC8B = {
			isa = PBXGroup;
			children = (
				1256F89926FA800C0033CC8B /* ShowMeAnimation */,
				1256F89826FA800C0033CC8B /* Products */,
				911566A8C90218DE2FCE76DA /* Pods */,
				F155D8DC0F6843ABF45BC1F2 /* Frameworks */,
			);
			sourceTree = "<group>";
		};
		1256F89826FA800C0033CC8B /* Products */ = {
			isa = PBXGroup;
			children = (
				1256F89726FA800C0033CC8B /* ShowMeAnimation.app */,
			);
			name = Products;
			sourceTree = "<group>";
		};
		1256F89926FA800C0033CC8B /* ShowMeAnimation */ = {
			isa = PBXGroup;
			children = (
				1222676826FBAEFB00E67598 /* ViewControllers */,
				1222676A26FBAF8100E67598 /* Storyboards */,
				1222676926FBAF6B00E67598 /* Models */,
				1222676C26FBAFBA00E67598 /* Resources */,
				1222676B26FBAFA100E67598 /* SupportingFiles */,
			);
			path = ShowMeAnimation;
			sourceTree = "<group>";
		};
		911566A8C90218DE2FCE76DA /* Pods */ = {
			isa = PBXGroup;
			children = (
				1732DD64765D594C570F2CE7 /* Pods-ShowMeAnimation.debug.xcconfig */,
				F3F6DEA14E9D2F38BDE5BA09 /* Pods-ShowMeAnimation.release.xcconfig */,
			);
			path = Pods;
			sourceTree = "<group>";
		};
		F155D8DC0F6843ABF45BC1F2 /* Frameworks */ = {
			isa = PBXGroup;
			children = (
				761A003D48368D8A4323C1A1 /* Pods_ShowMeAnimation.framework */,
			);
			name = Frameworks;
			sourceTree = "<group>";
		};
/* End PBXGroup section */

/* Begin PBXNativeTarget section */
		1256F89626FA800C0033CC8B /* ShowMeAnimation */ = {
			isa = PBXNativeTarget;
			buildConfigurationList = 1256F8AB26FA800D0033CC8B /* Build configuration list for PBXNativeTarget "ShowMeAnimation" */;
			buildPhases = (
				B977DF959AA76118DEA60671 /* [CP] Check Pods Manifest.lock */,
				1256F89326FA800C0033CC8B /* Sources */,
				1256F89426FA800C0033CC8B /* Frameworks */,
				1256F89526FA800C0033CC8B /* Resources */,
				8062DA7BF236ED314EA65659 /* [CP] Embed Pods Frameworks */,
			);
			buildRules = (
			);
			dependencies = (
			);
			name = ShowMeAnimation;
			productName = ShowMeAnimation;
			productReference = 1256F89726FA800C0033CC8B /* ShowMeAnimation.app */;
			productType = "com.apple.product-type.application";
		};
/* End PBXNativeTarget section */

/* Begin PBXProject section */
		1256F88F26FA800C0033CC8B /* Project object */ = {
			isa = PBXProject;
			attributes = {
				LastSwiftUpdateCheck = 1250;
				LastUpgradeCheck = 1250;
				TargetAttributes = {
					1256F89626FA800C0033CC8B = {
						CreatedOnToolsVersion = 12.5.1;
					};
				};
			};
			buildConfigurationList = 1256F89226FA800C0033CC8B /* Build configuration list for PBXProject "ShowMeAnimation" */;
			compatibilityVersion = "Xcode 9.3";
			developmentRegion = en;
			hasScannedForEncodings = 0;
			knownRegions = (
				en,
				Base,
			);
			mainGroup = 1256F88E26FA800C0033CC8B;
			productRefGroup = 1256F89826FA800C0033CC8B /* Products */;
			projectDirPath = "";
			projectRoot = "";
			targets = (
				1256F89626FA800C0033CC8B /* ShowMeAnimation */,
			);
		};
/* End PBXProject section */

/* Begin PBXResourcesBuildPhase section */
		1256F89526FA800C0033CC8B /* Resources */ = {
			isa = PBXResourcesBuildPhase;
			buildActionMask = 2147483647;
			files = (
				1256F8A726FA800D0033CC8B /* LaunchScreen.storyboard in Resources */,
				1256F8A426FA800D0033CC8B /* Assets.xcassets in Resources */,
				1256F8A226FA800C0033CC8B /* Main.storyboard in Resources */,
			);
			runOnlyForDeploymentPostprocessing = 0;
		};
/* End PBXResourcesBuildPhase section */

/* Begin PBXShellScriptBuildPhase section */
		8062DA7BF236ED314EA65659 /* [CP] Embed Pods Frameworks */ = {
			isa = PBXShellScriptBuildPhase;
			buildActionMask = 2147483647;
			files = (
			);
			inputFileListPaths = (
				"${PODS_ROOT}/Target Support Files/Pods-ShowMeAnimation/Pods-ShowMeAnimation-frameworks-${CONFIGURATION}-input-files.xcfilelist",
			);
			name = "[CP] Embed Pods Frameworks";
			outputFileListPaths = (
				"${PODS_ROOT}/Target Support Files/Pods-ShowMeAnimation/Pods-ShowMeAnimation-frameworks-${CONFIGURATION}-output-files.xcfilelist",
			);
			runOnlyForDeploymentPostprocessing = 0;
			shellPath = /bin/sh;
			shellScript = "\"${PODS_ROOT}/Target Support Files/Pods-ShowMeAnimation/Pods-ShowMeAnimation-frameworks.sh\"\n";
			showEnvVarsInLog = 0;
		};
		B977DF959AA76118DEA60671 /* [CP] Check Pods Manifest.lock */ = {
			isa = PBXShellScriptBuildPhase;
			buildActionMask = 2147483647;
			files = (
			);
			inputFileListPaths = (
			);
			inputPaths = (
				"${PODS_PODFILE_DIR_PATH}/Podfile.lock",
				"${PODS_ROOT}/Manifest.lock",
			);
			name = "[CP] Check Pods Manifest.lock";
			outputFileListPaths = (
			);
			outputPaths = (
				"$(DERIVED_FILE_DIR)/Pods-ShowMeAnimation-checkManifestLockResult.txt",
			);
			runOnlyForDeploymentPostprocessing = 0;
			shellPath = /bin/sh;
			shellScript = "diff \"${PODS_PODFILE_DIR_PATH}/Podfile.lock\" \"${PODS_ROOT}/Manifest.lock\" > /dev/null\nif [ $? != 0 ] ; then\n    # print error to STDERR\n    echo \"error: The sandbox is not in sync with the Podfile.lock. Run 'pod install' or update your CocoaPods installation.\" >&2\n    exit 1\nfi\n# This output is used by Xcode 'outputs' to avoid re-running this script phase.\necho \"SUCCESS\" > \"${SCRIPT_OUTPUT_FILE_0}\"\n";
			showEnvVarsInLog = 0;
		};
/* End PBXShellScriptBuildPhase section */

/* Begin PBXSourcesBuildPhase section */
		1256F89326FA800C0033CC8B /* Sources */ = {
			isa = PBXSourcesBuildPhase;
			buildActionMask = 2147483647;
			files = (
				1256F89F26FA800C0033CC8B /* ViewController.swift in Sources */,
				12348CD426FA8A61006345C4 /* AnimationProperties.swift in Sources */,
				1256F89B26FA800C0033CC8B /* AppDelegate.swift in Sources */,
				1256F89D26FA800C0033CC8B /* SceneDelegate.swift in Sources */,
			);
			runOnlyForDeploymentPostprocessing = 0;
		};
/* End PBXSourcesBuildPhase section */

/* Begin PBXVariantGroup section */
		1256F8A026FA800C0033CC8B /* Main.storyboard */ = {
			isa = PBXVariantGroup;
			children = (
				1256F8A126FA800C0033CC8B /* Base */,
			);
			name = Main.storyboard;
			sourceTree = "<group>";
		};
		1256F8A526FA800D0033CC8B /* LaunchScreen.storyboard */ = {
			isa = PBXVariantGroup;
			children = (
				1256F8A626FA800D0033CC8B /* Base */,
			);
			name = LaunchScreen.storyboard;
			sourceTree = "<group>";
		};
/* End PBXVariantGroup section */

/* Begin XCBuildConfiguration section */
		1256F8A926FA800D0033CC8B /* Debug */ = {
			isa = XCBuildConfiguration;
			buildSettings = {
				ALWAYS_SEARCH_USER_PATHS = NO;
				CLANG_ANALYZER_NONNULL = YES;
				CLANG_ANALYZER_NUMBER_OBJECT_CONVERSION = YES_AGGRESSIVE;
				CLANG_CXX_LANGUAGE_STANDARD = "gnu++14";
				CLANG_CXX_LIBRARY = "libc++";
				CLANG_ENABLE_MODULES = YES;
				CLANG_ENABLE_OBJC_ARC = YES;
				CLANG_ENABLE_OBJC_WEAK = YES;
				CLANG_WARN_BLOCK_CAPTURE_AUTORELEASING = YES;
				CLANG_WARN_BOOL_CONVERSION = YES;
				CLANG_WARN_COMMA = YES;
				CLANG_WARN_CONSTANT_CONVERSION = YES;
				CLANG_WARN_DEPRECATED_OBJC_IMPLEMENTATIONS = YES;
				CLANG_WARN_DIRECT_OBJC_ISA_USAGE = YES_ERROR;
				CLANG_WARN_DOCUMENTATION_COMMENTS = YES;
				CLANG_WARN_EMPTY_BODY = YES;
				CLANG_WARN_ENUM_CONVERSION = YES;
				CLANG_WARN_INFINITE_RECURSION = YES;
				CLANG_WARN_INT_CONVERSION = YES;
				CLANG_WARN_NON_LITERAL_NULL_CONVERSION = YES;
				CLANG_WARN_OBJC_IMPLICIT_RETAIN_SELF = YES;
				CLANG_WARN_OBJC_LITERAL_CONVERSION = YES;
				CLANG_WARN_OBJC_ROOT_CLASS = YES_ERROR;
				CLANG_WARN_QUOTED_INCLUDE_IN_FRAMEWORK_HEADER = YES;
				CLANG_WARN_RANGE_LOOP_ANALYSIS = YES;
				CLANG_WARN_STRICT_PROTOTYPES = YES;
				CLANG_WARN_SUSPICIOUS_MOVE = YES;
				CLANG_WARN_UNGUARDED_AVAILABILITY = YES_AGGRESSIVE;
				CLANG_WARN_UNREACHABLE_CODE = YES;
				CLANG_WARN__DUPLICATE_METHOD_MATCH = YES;
				COPY_PHASE_STRIP = NO;
				DEBUG_INFORMATION_FORMAT = dwarf;
				ENABLE_STRICT_OBJC_MSGSEND = YES;
				ENABLE_TESTABILITY = YES;
				GCC_C_LANGUAGE_STANDARD = gnu11;
				GCC_DYNAMIC_NO_PIC = NO;
				GCC_NO_COMMON_BLOCKS = YES;
				GCC_OPTIMIZATION_LEVEL = 0;
				GCC_PREPROCESSOR_DEFINITIONS = (
					"DEBUG=1",
					"$(inherited)",
				);
				GCC_WARN_64_TO_32_BIT_CONVERSION = YES;
				GCC_WARN_ABOUT_RETURN_TYPE = YES_ERROR;
				GCC_WARN_UNDECLARED_SELECTOR = YES;
				GCC_WARN_UNINITIALIZED_AUTOS = YES_AGGRESSIVE;
				GCC_WARN_UNUSED_FUNCTION = YES;
				GCC_WARN_UNUSED_VARIABLE = YES;
				IPHONEOS_DEPLOYMENT_TARGET = 14.5;
				MTL_ENABLE_DEBUG_INFO = INCLUDE_SOURCE;
				MTL_FAST_MATH = YES;
				ONLY_ACTIVE_ARCH = YES;
				SDKROOT = iphoneos;
				SWIFT_ACTIVE_COMPILATION_CONDITIONS = DEBUG;
				SWIFT_OPTIMIZATION_LEVEL = "-Onone";
			};
			name = Debug;
		};
		1256F8AA26FA800D0033CC8B /* Release */ = {
			isa = XCBuildConfiguration;
			buildSettings = {
				ALWAYS_SEARCH_USER_PATHS = NO;
				CLANG_ANALYZER_NONNULL = YES;
				CLANG_ANALYZER_NUMBER_OBJECT_CONVERSION = YES_AGGRESSIVE;
				CLANG_CXX_LANGUAGE_STANDARD = "gnu++14";
				CLANG_CXX_LIBRARY = "libc++";
				CLANG_ENABLE_MODULES = YES;
				CLANG_ENABLE_OBJC_ARC = YES;
				CLANG_ENABLE_OBJC_WEAK = YES;
				CLANG_WARN_BLOCK_CAPTURE_AUTORELEASING = YES;
				CLANG_WARN_BOOL_CONVERSION = YES;
				CLANG_WARN_COMMA = YES;
				CLANG_WARN_CONSTANT_CONVERSION = YES;
				CLANG_WARN_DEPRECATED_OBJC_IMPLEMENTATIONS = YES;
				CLANG_WARN_DIRECT_OBJC_ISA_USAGE = YES_ERROR;
				CLANG_WARN_DOCUMENTATION_COMMENTS = YES;
				CLANG_WARN_EMPTY_BODY = YES;
				CLANG_WARN_ENUM_CONVERSION = YES;
				CLANG_WARN_INFINITE_RECURSION = YES;
				CLANG_WARN_INT_CONVERSION = YES;
				CLANG_WARN_NON_LITERAL_NULL_CONVERSION = YES;
				CLANG_WARN_OBJC_IMPLICIT_RETAIN_SELF = YES;
				CLANG_WARN_OBJC_LITERAL_CONVERSION = YES;
				CLANG_WARN_OBJC_ROOT_CLASS = YES_ERROR;
				CLANG_WARN_QUOTED_INCLUDE_IN_FRAMEWORK_HEADER = YES;
				CLANG_WARN_RANGE_LOOP_ANALYSIS = YES;
				CLANG_WARN_STRICT_PROTOTYPES = YES;
				CLANG_WARN_SUSPICIOUS_MOVE = YES;
				CLANG_WARN_UNGUARDED_AVAILABILITY = YES_AGGRESSIVE;
				CLANG_WARN_UNREACHABLE_CODE = YES;
				CLANG_WARN__DUPLICATE_METHOD_MATCH = YES;
				COPY_PHASE_STRIP = NO;
				DEBUG_INFORMATION_FORMAT = "dwarf-with-dsym";
				ENABLE_NS_ASSERTIONS = NO;
				ENABLE_STRICT_OBJC_MSGSEND = YES;
				GCC_C_LANGUAGE_STANDARD = gnu11;
				GCC_NO_COMMON_BLOCKS = YES;
				GCC_WARN_64_TO_32_BIT_CONVERSION = YES;
				GCC_WARN_ABOUT_RETURN_TYPE = YES_ERROR;
				GCC_WARN_UNDECLARED_SELECTOR = YES;
				GCC_WARN_UNINITIALIZED_AUTOS = YES_AGGRESSIVE;
				GCC_WARN_UNUSED_FUNCTION = YES;
				GCC_WARN_UNUSED_VARIABLE = YES;
				IPHONEOS_DEPLOYMENT_TARGET = 14.5;
				MTL_ENABLE_DEBUG_INFO = NO;
				MTL_FAST_MATH = YES;
				SDKROOT = iphoneos;
				SWIFT_COMPILATION_MODE = wholemodule;
				SWIFT_OPTIMIZATION_LEVEL = "-O";
				VALIDATE_PRODUCT = YES;
			};
			name = Release;
		};
		1256F8AC26FA800D0033CC8B /* Debug */ = {
			isa = XCBuildConfiguration;
			baseConfigurationReference = 1732DD64765D594C570F2CE7 /* Pods-ShowMeAnimation.debug.xcconfig */;
			buildSettings = {
				ASSETCATALOG_COMPILER_APPICON_NAME = AppIcon;
				ASSETCATALOG_COMPILER_GLOBAL_ACCENT_COLOR_NAME = AccentColor;
				CODE_SIGN_STYLE = Automatic;
				DEVELOPMENT_TEAM = Q3NH456PVT;
				INFOPLIST_FILE = ShowMeAnimation/SupportingFiles/Info.plist;
				LD_RUNPATH_SEARCH_PATHS = (
					"$(inherited)",
					"@executable_path/Frameworks",
				);
				PRODUCT_BUNDLE_IDENTIFIER = ru.holybuddha.ShowMeAnimation;
				PRODUCT_NAME = "$(TARGET_NAME)";
				SWIFT_VERSION = 5.0;
				TARGETED_DEVICE_FAMILY = 1;
			};
			name = Debug;
		};
		1256F8AD26FA800D0033CC8B /* Release */ = {
			isa = XCBuildConfiguration;
			baseConfigurationReference = F3F6DEA14E9D2F38BDE5BA09 /* Pods-ShowMeAnimation.release.xcconfig */;
			buildSettings = {
				ASSETCATALOG_COMPILER_APPICON_NAME = AppIcon;
				ASSETCATALOG_COMPILER_GLOBAL_ACCENT_COLOR_NAME = AccentColor;
				CODE_SIGN_STYLE = Automatic;
				DEVELOPMENT_TEAM = Q3NH456PVT;
				INFOPLIST_FILE = ShowMeAnimation/SupportingFiles/Info.plist;
				LD_RUNPATH_SEARCH_PATHS = (
					"$(inherited)",
					"@executable_path/Frameworks",
				);
				PRODUCT_BUNDLE_IDENTIFIER = ru.holybuddha.ShowMeAnimation;
				PRODUCT_NAME = "$(TARGET_NAME)";
				SWIFT_VERSION = 5.0;
				TARGETED_DEVICE_FAMILY = 1;
			};
			name = Release;
		};
/* End XCBuildConfiguration section */

/* Begin XCConfigurationList section */
		1256F89226FA800C0033CC8B /* Build configuration list for PBXProject "ShowMeAnimation" */ = {
			isa = XCConfigurationList;
			buildConfigurations = (
				1256F8A926FA800D0033CC8B /* Debug */,
				1256F8AA26FA800D0033CC8B /* Release */,
			);
			defaultConfigurationIsVisible = 0;
			defaultConfigurationName = Release;
		};
		1256F8AB26FA800D0033CC8B /* Build configuration list for PBXNativeTarget "ShowMeAnimation" */ = {
			isa = XCConfigurationList;
			buildConfigurations = (
				1256F8AC26FA800D0033CC8B /* Debug */,
				1256F8AD26FA800D0033CC8B /* Release */,
			);
			defaultConfigurationIsVisible = 0;
			defaultConfigurationName = Release;
		};
/* End XCConfigurationList section */
	};
	rootObject = 1256F88F26FA800C0033CC8B /* Project object */;
}
